# =============================================================================
# 生产部署版本锁定参考（BUG-016）
# =============================================================================
# 本文件记录经过验证的关键依赖精确版本，供生产环境复现性部署使用。
# 生成方式: pip freeze（于已验证环境中）。
# 注意: requirements.txt 仍保留版本区间以便开发灵活；正式投产建议用本文件。
# numpy / psycopg2-binary 如目标环境未预装，请按 requirements.txt 补充安装。

APScheduler==3.11.2
Django==6.0.5
PyMySQL==1.2.0
celery==5.6.3
cryptography==48.0.0
elasticsearch==8.19.3
jsonschema==4.26.0
oracledb==4.0.1
pyodbc==5.3.0
redis==7.4.0
requests==2.34.2
numpy==1.26.4
psycopg2-binary==2.9.12
